# This file is autogenerated, do not edit; changes may be undone by the next 'dep ensure'.


[[projects]]
  name = "github.com/JamesClonk/vultr"
  packages = ["lib"]
  revision = "2fd0705ce648e602e6c9c57329a174270a4f6688"

[[projects]]
  name = "github.com/davecgh/go-spew"
  packages = ["spew"]
  revision = "5215b55f46b2b919f50a1df0eaa5886afe4e3b3d"

[[projects]]
  name = "github.com/docker/docker"
  packages = ["pkg/term"]
  revision = "a8a31eff10544860d2188dddabdee4d727545796"
  version = "v1.5.0"

[[projects]]
  name = "github.com/docker/machine"
  packages = [
    "libmachine/drivers",
    "libmachine/drivers/plugin",
    "libmachine/drivers/plugin/localbinary",
    "libmachine/drivers/rpc",
    "libmachine/log",
    "libmachine/mcnflag",
    "libmachine/mcnutils",
    "libmachine/ssh",
    "libmachine/state",
    "libmachine/version",
    "version"
  ]
  revision = "45c69ad1676da683308960e6998e5c38a7dbba2c"
  version = "v0.12.0"

[[projects]]
  name = "github.com/juju/ratelimit"
  packages = ["."]
  revision = "77ed1c8a01217656d2080ad51981f6e99adaa177"

[[projects]]
  name = "github.com/pmezard/go-difflib"
  packages = ["difflib"]
  revision = "792786c7400a136282c1664665ae0a8db921c6c2"
  version = "v1.0.0"

[[projects]]
  name = "github.com/stretchr/testify"
  packages = ["assert"]
  revision = "f6abca593680b2315d2075e0f5e2a9751e3f431a"

[[projects]]
  name = "golang.org/x/crypto"
  packages = [
    "curve25519",
    "ssh",
    "ssh/terminal"
  ]
  revision = "1f22c0103821b9390939b6776727195525381532"

[solve-meta]
  analyzer-name = "dep"
  analyzer-version = 1
  inputs-digest = "ff2dc2ee155c8d31a0d4799b34289995f8da97a446e5da49249f1331e12c1f31"
  solver-name = "gps-cdcl"
  solver-version = 1
